// !$*UTF8*$!
{
	archiveVersion = 1;
	classes = {
	};
	objectVersion = 48;
	objects = {

/* Begin PBXBuildFile section */
		ECE7230C1F5402A6006560DF /* AppDelegate.swift in Sources */ = {isa = PBXBuildFile; fileRef = ECE7230B1F5402A6006560DF /* AppDelegate.swift */; };
		ECE7230E1F5402A6006560DF /* ViewController.swift in Sources */ = {isa = PBXBuildFile; fileRef = ECE7230D1F5402A6006560DF /* ViewController.swift */; };
		ECE723111F5402A6006560DF /* Main.storyboard in Resources */ = {isa = PBXBuildFile; fileRef = ECE7230F1F5402A6006560DF /* Main.storyboard */; };
		ECE723131F5402A6006560DF /* Assets.xcassets in Resources */ = {isa = PBXBuildFile; fileRef = ECE723121F5402A6006560DF /* Assets.xcassets */; };
		ECE723161F5402A6006560DF /* LaunchScreen.storyboard in Resources */ = {isa = PBXBuildFile; fileRef = ECE723141F5402A6006560DF /* LaunchScreen.storyboard */; };
		ECE723211F5402A6006560DF /* CustomFontTests.swift in Sources */ = {isa = PBXBuildFile; fileRef = ECE723201F5402A6006560DF /* CustomFontTests.swift */; };
		ECE7232C1F5402A6006560DF /* CustomFontUITests.swift in Sources */ = {isa = PBXBuildFile; fileRef = ECE7232B1F5402A6006560DF /* CustomFontUITests.swift */; };
		ECE7233C1F541703006560DF /* MFJinHei_Noncommercial-Regular.ttf in Resources */ = {isa = PBXBuildFile; fileRef = ECE7233A1F54109A006560DF /* MFJinHei_Noncommercial-Regular.ttf */; };
		ECE7233D1F541703006560DF /* MFTongXin_Noncommercial-Regular.ttf in Resources */ = {isa = PBXBuildFile; fileRef = ECE723391F54109A006560DF /* MFTongXin_Noncommercial-Regular.ttf */; };
		ECE7233E1F541703006560DF /* MFZhiHei_Noncommercial-Regular.ttf in Resources */ = {isa = PBXBuildFile; fileRef = ECE7233B1F54109A006560DF /* MFZhiHei_Noncommercial-Regular.ttf */; };
/* End PBXBuildFile section */

/* Begin PBXContainerItemProxy section */
		ECE7231D1F5402A6006560DF /* PBXContainerItemProxy */ = {
			isa = PBXContainerItemProxy;
			containerPortal = ECE723001F5402A6006560DF /* Project object */;
			proxyType = 1;
			remoteGlobalIDString = ECE723071F5402A6006560DF;
			remoteInfo = CustomFont;
		};
		ECE723281F5402A6006560DF /* PBXContainerItemProxy */ = {
			isa = PBXContainerItemProxy;
			containerPortal = ECE723001F5402A6006560DF /* Project object */;
			proxyType = 1;
			remoteGlobalIDString = ECE723071F5402A6006560DF;
			remoteInfo = CustomFont;
		};
/* End PBXContainerItemProxy section */

/* Begin PBXFileReference section */
		ECE723081F5402A6006560DF /* CustomFont.app */ = {isa = PBXFileReference; explicitFileType = wrapper.application; includeInIndex = 0; path = CustomFont.app; sourceTree = BUILT_PRODUCTS_DIR; };
		ECE7230B1F5402A6006560DF /* AppDelegate.swift */ = {isa = PBXFileReference; lastKnownFileType = sourcecode.swift; path = AppDelegate.swift; sourceTree = "<group>"; };
		ECE7230D1F5402A6006560DF /* ViewController.swift */ = {isa = PBXFileReference; lastKnownFileType = sourcecode.swift; path = ViewController.swift; sourceTree = "<group>"; };
		ECE723101F5402A6006560DF /* Base */ = {isa = PBXFileReference; lastKnownFileType = file.storyboard; name = Base; path = Base.lproj/Main.storyboard; sourceTree = "<group>"; };
		ECE723121F5402A6006560DF /* Assets.xcassets */ = {isa = PBXFileReference; lastKnownFileType = folder.assetcatalog; path = Assets.xcassets; sourceTree = "<group>"; };
		ECE723151F5402A6006560DF /* Base */ = {isa = PBXFileReference; lastKnownFileType = file.storyboard; name = Base; path = Base.lproj/LaunchScreen.storyboard; sourceTree = "<group>"; };
		ECE723171F5402A6006560DF /* Info.plist */ = {isa = PBXFileReference; lastKnownFileType = text.plist.xml; path = Info.plist; sourceTree = "<group>"; };
		ECE7231C1F5402A6006560DF /* CustomFontTests.xctest */ = {isa = PBXFileReference; explicitFileType = wrapper.cfbundle; includeInIndex = 0; path = CustomFontTests.xctest; sourceTree = BUILT_PRODUCTS_DIR; };
		ECE723201F5402A6006560DF /* CustomFontTests.swift */ = {isa = PBXFileReference; lastKnownFileType = sourcecode.swift; path = CustomFontTests.swift; sourceTree = "<group>"; };
		ECE723221F5402A6006560DF /* Info.plist */ = {isa = PBXFileReference; lastKnownFileType = text.plist.xml; path = Info.plist; sourceTree = "<group>"; };
		ECE723271F5402A6006560DF /* CustomFontUITests.xctest */ = {isa = PBXFileReference; explicitFileType = wrapper.cfbundle; includeInIndex = 0; path = CustomFontUITests.xctest; sourceTree = BUILT_PRODUCTS_DIR; };
		ECE7232B1F5402A6006560DF /* CustomFontUITests.swift */ = {isa = PBXFileReference; lastKnownFileType = sourcecode.swift; path = CustomFontUITests.swift; sourceTree = "<group>"; };
		ECE7232D1F5402A6006560DF /* Info.plist */ = {isa = PBXFileReference; lastKnownFileType = text.plist.xml; path = Info.plist; sourceTree = "<group>"; };
		ECE723391F54109A006560DF /* MFTongXin_Noncommercial-Regular.ttf */ = {isa = PBXFileReference; lastKnownFileType = file; path = "MFTongXin_Noncommercial-Regular.ttf"; sourceTree = "<group>"; };
		ECE7233A1F54109A006560DF /* MFJinHei_Noncommercial-Regular.ttf */ = {isa = PBXFileReference; lastKnownFileType = file; path = "MFJinHei_Noncommercial-Regular.ttf"; sourceTree = "<group>"; };
		ECE7233B1F54109A006560DF /* MFZhiHei_Noncommercial-Regular.ttf */ = {isa = PBXFileReference; lastKnownFileType = file; path = "MFZhiHei_Noncommercial-Regular.ttf"; sourceTree = "<group>"; };
/* End PBXFileReference section */

/* Begin PBXFrameworksBuildPhase section */
		ECE723051F5402A6006560DF /* Frameworks */ = {
			isa = PBXFrameworksBuildPhase;
			buildActionMask = 2147483647;
			files = (
			);
			runOnlyForDeploymentPostprocessing = 0;
		};
		ECE723191F5402A6006560DF /* Frameworks */ = {
			isa = PBXFrameworksBuildPhase;
			buildActionMask = 2147483647;
			files = (
			);
			runOnlyForDeploymentPostprocessing = 0;
		};
		ECE723241F5402A6006560DF /* Frameworks */ = {
			isa = PBXFrameworksBuildPhase;
			buildActionMask = 2147483647;
			files = (
			);
			runOnlyForDeploymentPostprocessing = 0;
		};
/* End PBXFrameworksBuildPhase section */

/* Begin PBXGroup section */
		ECE722FF1F5402A6006560DF = {
			isa = PBXGroup;
			children = (
				ECE7233A1F54109A006560DF /* MFJinHei_Noncommercial-Regular.ttf */,
				ECE723391F54109A006560DF /* MFTongXin_Noncommercial-Regular.ttf */,
				ECE7233B1F54109A006560DF /* MFZhiHei_Noncommercial-Regular.ttf */,
				ECE7230A1F5402A6006560DF /* CustomFont */,
				ECE7231F1F5402A6006560DF /* CustomFontTests */,
				ECE7232A1F5402A6006560DF /* CustomFontUITests */,
				ECE723091F5402A6006560DF /* Products */,
			);
			sourceTree = "<group>";
		};
		ECE723091F5402A6006560DF /* Products */ = {
			isa = PBXGroup;
			children = (
				ECE723081F5402A6006560DF /* CustomFont.app */,
				ECE7231C1F5402A6006560DF /* CustomFontTests.xctest */,
				ECE723271F5402A6006560DF /* CustomFontUITests.xctest */,
			);
			name = Products;
			sourceTree = "<group>";
		};
		ECE7230A1F5402A6006560DF /* CustomFont */ = {
			isa = PBXGroup;
			children = (
				ECE7230B1F5402A6006560DF /* AppDelegate.swift */,
				ECE7230D1F5402A6006560DF /* ViewController.swift */,
				ECE7230F1F5402A6006560DF /* Main.storyboard */,
				ECE723121F5402A6006560DF /* Assets.xcassets */,
				ECE723141F5402A6006560DF /* LaunchScreen.storyboard */,
				ECE723171F5402A6006560DF /* Info.plist */,
			);
			path = CustomFont;
			sourceTree = "<group>";
		};
		ECE7231F1F5402A6006560DF /* CustomFontTests */ = {
			isa = PBXGroup;
			children = (
				ECE723201F5402A6006560DF /* CustomFontTests.swift */,
				ECE723221F5402A6006560DF /* Info.plist */,
			);
			path = CustomFontTests;
			sourceTree = "<group>";
		};
		ECE7232A1F5402A6006560DF /* CustomFontUITests */ = {
			isa = PBXGroup;
			children = (
				ECE7232B1F5402A6006560DF /* CustomFontUITests.swift */,
				ECE7232D1F5402A6006560DF /* Info.plist */,
			);
			path = CustomFontUITests;
			sourceTree = "<group>";
		};
/* End PBXGroup section */

/* Begin PBXNativeTarget section */
		ECE723071F5402A6006560DF /* CustomFont */ = {
			isa = PBXNativeTarget;
			buildConfigurationList = ECE723301F5402A6006560DF /* Build configuration list for PBXNativeTarget "CustomFont" */;
			buildPhases = (
				ECE723041F5402A6006560DF /* Sources */,
				ECE723051F5402A6006560DF /* Frameworks */,
				ECE723061F5402A6006560DF /* Resources */,
			);
			buildRules = (
			);
			dependencies = (
			);
			name = CustomFont;
			productName = CustomFont;
			productReference = ECE723081F5402A6006560DF /* CustomFont.app */;
			productType = "com.apple.product-type.application";
		};
		ECE7231B1F5402A6006560DF /* CustomFontTests */ = {
			isa = PBXNativeTarget;
			buildConfigurationList = ECE723331F5402A6006560DF /* Build configuration list for PBXNativeTarget "CustomFontTests" */;
			buildPhases = (
				ECE723181F5402A6006560DF /* Sources */,
				ECE723191F5402A6006560DF /* Frameworks */,
				ECE7231A1F5402A6006560DF /* Resources */,
			);
			buildRules = (
			);
			dependencies = (
				ECE7231E1F5402A6006560DF /* PBXTargetDependency */,
			);
			name = CustomFontTests;
			productName = CustomFontTests;
			productReference = ECE7231C1F5402A6006560DF /* CustomFontTests.xctest */;
			productType = "com.apple.product-type.bundle.unit-test";
		};
		ECE723261F5402A6006560DF /* CustomFontUITests */ = {
			isa = PBXNativeTarget;
			buildConfigurationList = ECE723361F5402A6006560DF /* Build configuration list for PBXNativeTarget "CustomFontUITests" */;
			buildPhases = (
				ECE723231F5402A6006560DF /* Sources */,
				ECE723241F5402A6006560DF /* Frameworks */,
				ECE723251F5402A6006560DF /* Resources */,
			);
			buildRules = (
			);
			dependencies = (
				ECE723291F5402A6006560DF /* PBXTargetDependency */,
			);
			name = CustomFontUITests;
			productName = CustomFontUITests;
			productReference = ECE723271F5402A6006560DF /* CustomFontUITests.xctest */;
			productType = "com.apple.product-type.bundle.ui-testing";
		};
/* End PBXNativeTarget section */

/* Begin PBXProject section */
		ECE723001F5402A6006560DF /* Project object */ = {
			isa = PBXProject;
			attributes = {
				LastSwiftUpdateCheck = 0900;
				LastUpgradeCheck = 0900;
				ORGANIZATIONNAME = linsyorozuya;
				TargetAttributes = {
					ECE723071F5402A6006560DF = {
						CreatedOnToolsVersion = 9.0;
						ProvisioningStyle = Automatic;
					};
					ECE7231B1F5402A6006560DF = {
						CreatedOnToolsVersion = 9.0;
						ProvisioningStyle = Automatic;
						TestTargetID = ECE723071F5402A6006560DF;
					};
					ECE723261F5402A6006560DF = {
						CreatedOnToolsVersion = 9.0;
						ProvisioningStyle = Automatic;
						TestTargetID = ECE723071F5402A6006560DF;
					};
				};
			};
			buildConfigurationList = ECE723031F5402A6006560DF /* Build configuration list for PBXProject "CustomFont" */;
			compatibilityVersion = "Xcode 8.0";
			developmentRegion = en;
			hasScannedForEncodings = 0;
			knownRegions = (
				en,
				Base,
			);
			mainGroup = ECE722FF1F5402A6006560DF;
			productRefGroup = ECE723091F5402A6006560DF /* Products */;
			projectDirPath = "";
			projectRoot = "";
			targets = (
				ECE723071F5402A6006560DF /* CustomFont */,
				ECE7231B1F5402A6006560DF /* CustomFontTests */,
				ECE723261F5402A6006560DF /* CustomFontUITests */,
			);
		};
/* End PBXProject section */

/* Begin PBXResourcesBuildPhase section */
		ECE723061F5402A6006560DF /* Resources */ = {
			isa = PBXResourcesBuildPhase;
			buildActionMask = 2147483647;
			files = (
				ECE7233C1F541703006560DF /* MFJinHei_Noncommercial-Regular.ttf in Resources */,
				ECE7233D1F541703006560DF /* MFTongXin_Noncommercial-Regular.ttf in Resources */,
				ECE7233E1F541703006560DF /* MFZhiHei_Noncommercial-Regular.ttf in Resources */,
				ECE723161F5402A6006560DF /* LaunchScreen.storyboard in Resources */,
				ECE723131F5402A6006560DF /* Assets.xcassets in Resources */,
				ECE723111F5402A6006560DF /* Main.storyboard in Resources */,
			);
			runOnlyForDeploymentPostprocessing = 0;
		};
		ECE7231A1F5402A6006560DF /* Resources */ = {
			isa = PBXResourcesBuildPhase;
			buildActionMask = 2147483647;
			files = (
			);
			runOnlyForDeploymentPostprocessing = 0;
		};
		ECE723251F5402A6006560DF /* Resources */ = {
			isa = PBXResourcesBuildPhase;
			buildActionMask = 2147483647;
			files = (
			);
			runOnlyForDeploymentPostprocessing = 0;
		};
/* End PBXResourcesBuildPhase section */

/* Begin PBXSourcesBuildPhase section */
		ECE723041F5402A6006560DF /* Sources */ = {
			isa = PBXSourcesBuildPhase;
			buildActionMask = 2147483647;
			files = (
				ECE7230E1F5402A6006560DF /* ViewController.swift in Sources */,
				ECE7230C1F5402A6006560DF /* AppDelegate.swift in Sources */,
			);
			runOnlyForDeploymentPostprocessing = 0;
		};
		ECE723181F5402A6006560DF /* Sources */ = {
			isa = PBXSourcesBuildPhase;
			buildActionMask = 2147483647;
			files = (
				ECE723211F5402A6006560DF /* CustomFontTests.swift in Sources */,
			);
			runOnlyForDeploymentPostprocessing = 0;
		};
		ECE723231F5402A6006560DF /* Sources */ = {
			isa = PBXSourcesBuildPhase;
			buildActionMask = 2147483647;
			files = (
				ECE7232C1F5402A6006560DF /* CustomFontUITests.swift in Sources */,
			);
			runOnlyForDeploymentPostprocessing = 0;
		};
/* End PBXSourcesBuildPhase section */

/* Begin PBXTargetDependency section */
		ECE7231E1F5402A6006560DF /* PBXTargetDependency */ = {
			isa = PBXTargetDependency;
			target = ECE723071F5402A6006560DF /* CustomFont */;
			targetProxy = ECE7231D1F5402A6006560DF /* PBXContainerItemProxy */;
		};
		ECE723291F5402A6006560DF /* PBXTargetDependency */ = {
			isa = PBXTargetDependency;
			target = ECE723071F5402A6006560DF /* CustomFont */;
			targetProxy = ECE723281F5402A6006560DF /* PBXContainerItemProxy */;
		};
/* End PBXTargetDependency section */

/* Begin PBXVariantGroup section */
		ECE7230F1F5402A6006560DF /* Main.storyboard */ = {
			isa = PBXVariantGroup;
			children = (
				ECE723101F5402A6006560DF /* Base */,
			);
			name = Main.storyboard;
			sourceTree = "<group>";
		};
		ECE723141F5402A6006560DF /* LaunchScreen.storyboard */ = {
			isa = PBXVariantGroup;
			children = (
				ECE723151F5402A6006560DF /* Base */,
			);
			name = LaunchScreen.storyboard;
			sourceTree = "<group>";
		};
/* End PBXVariantGroup section */

/* Begin XCBuildConfiguration section */
		ECE7232E1F5402A6006560DF /* Debug */ = {
			isa = XCBuildConfiguration;
			buildSettings = {
				ALWAYS_SEARCH_USER_PATHS = NO;
				CLANG_ANALYZER_NONNULL = YES;
				CLANG_ANALYZER_NUMBER_OBJECT_CONVERSION = YES_AGGRESSIVE;
				CLANG_CXX_LANGUAGE_STANDARD = "gnu++14";
				CLANG_CXX_LIBRARY = "libc++";
				CLANG_ENABLE_MODULES = YES;
				CLANG_ENABLE_OBJC_ARC = YES;
				CLANG_WARN_BLOCK_CAPTURE_AUTORELEASING = YES;
				CLANG_WARN_BOOL_CONVERSION = YES;
				CLANG_WARN_COMMA = YES;
				CLANG_WARN_CONSTANT_CONVERSION = YES;
				CLANG_WARN_DIRECT_OBJC_ISA_USAGE = YES_ERROR;
				CLANG_WARN_DOCUMENTATION_COMMENTS = YES;
				CLANG_WARN_EMPTY_BODY = YES;
				CLANG_WARN_ENUM_CONVERSION = YES;
				CLANG_WARN_INFINITE_RECURSION = YES;
				CLANG_WARN_INT_CONVERSION = YES;
				CLANG_WARN_NON_LITERAL_NULL_CONVERSION = YES;
				CLANG_WARN_OBJC_LITERAL_CONVERSION = YES;
				CLANG_WARN_OBJC_ROOT_CLASS = YES_ERROR;
				CLANG_WARN_RANGE_LOOP_ANALYSIS = YES;
				CLANG_WARN_STRICT_PROTOTYPES = YES;
				CLANG_WARN_SUSPICIOUS_MOVE = YES;
				CLANG_WARN_UNGUARDED_AVAILABILITY = YES_AGGRESSIVE;
				CLANG_WARN_UNREACHABLE_CODE = YES;
				CLANG_WARN__DUPLICATE_METHOD_MATCH = YES;
				CODE_SIGN_IDENTITY = "iPhone Developer";
				COPY_PHASE_STRIP = NO;
				DEBUG_INFORMATION_FORMAT = dwarf;
				ENABLE_STRICT_OBJC_MSGSEND = YES;
				ENABLE_TESTABILITY = YES;
				GCC_C_LANGUAGE_STANDARD = gnu11;
				GCC_DYNAMIC_NO_PIC = NO;
				GCC_NO_COMMON_BLOCKS = YES;
				GCC_OPTIMIZATION_LEVEL = 0;
				GCC_PREPROCESSOR_DEFINITIONS = (
					"DEBUG=1",
					"$(inherited)",
				);
				GCC_WARN_64_TO_32_BIT_CONVERSION = YES;
				GCC_WARN_ABOUT_RETURN_TYPE = YES_ERROR;
				GCC_WARN_UNDECLARED_SELECTOR = YES;
				GCC_WARN_UNINITIALIZED_AUTOS = YES_AGGRESSIVE;
				GCC_WARN_UNUSED_FUNCTION = YES;
				GCC_WARN_UNUSED_VARIABLE = YES;
				IPHONEOS_DEPLOYMENT_TARGET = 11.0;
				MTL_ENABLE_DEBUG_INFO = YES;
				ONLY_ACTIVE_ARCH = YES;
				SDKROOT = iphoneos;
				SWIFT_ACTIVE_COMPILATION_CONDITIONS = DEBUG;
				SWIFT_OPTIMIZATION_LEVEL = "-Onone";
			};
			name = Debug;
		};
		ECE7232F1F5402A6006560DF /* Release */ = {
			isa = XCBuildConfiguration;
			buildSettings = {
				ALWAYS_SEARCH_USER_PATHS = NO;
				CLANG_ANALYZER_NONNULL = YES;
				CLANG_ANALYZER_NUMBER_OBJECT_CONVERSION = YES_AGGRESSIVE;
				CLANG_CXX_LANGUAGE_STANDARD = "gnu++14";
				CLANG_CXX_LIBRARY = "libc++";
				CLANG_ENABLE_MODULES = YES;
				CLANG_ENABLE_OBJC_ARC = YES;
				CLANG_WARN_BLOCK_CAPTURE_AUTORELEASING = YES;
				CLANG_WARN_BOOL_CONVERSION = YES;
				CLANG_WARN_COMMA = YES;
				CLANG_WARN_CONSTANT_CONVERSION = YES;
				CLANG_WARN_DIRECT_OBJC_ISA_USAGE = YES_ERROR;
				CLANG_WARN_DOCUMENTATION_COMMENTS = YES;
				CLANG_WARN_EMPTY_BODY = YES;
				CLANG_WARN_ENUM_CONVERSION = YES;
				CLANG_WARN_INFINITE_RECURSION = YES;
				CLANG_WARN_INT_CONVERSION = YES;
				CLANG_WARN_NON_LITERAL_NULL_CONVERSION = YES;
				CLANG_WARN_OBJC_LITERAL_CONVERSION = YES;
				CLANG_WARN_OBJC_ROOT_CLASS = YES_ERROR;
				CLANG_WARN_RANGE_LOOP_ANALYSIS = YES;
				CLANG_WARN_STRICT_PROTOTYPES = YES;
				CLANG_WARN_SUSPICIOUS_MOVE = YES;
				CLANG_WARN_UNGUARDED_AVAILABILITY = YES_AGGRESSIVE;
				CLANG_WARN_UNREACHABLE_CODE = YES;
				CLANG_WARN__DUPLICATE_METHOD_MATCH = YES;
				CODE_SIGN_IDENTITY = "iPhone Developer";
				COPY_PHASE_STRIP = NO;
				DEBUG_INFORMATION_FORMAT = "dwarf-with-dsym";
				ENABLE_NS_ASSERTIONS = NO;
				ENABLE_STRICT_OBJC_MSGSEND = YES;
				GCC_C_LANGUAGE_STANDARD = gnu11;
				GCC_NO_COMMON_BLOCKS = YES;
				GCC_WARN_64_TO_32_BIT_CONVERSION = YES;
				GCC_WARN_ABOUT_RETURN_TYPE = YES_ERROR;
				GCC_WARN_UNDECLARED_SELECTOR = YES;
				GCC_WARN_UNINITIALIZED_AUTOS = YES_AGGRESSIVE;
				GCC_WARN_UNUSED_FUNCTION = YES;
				GCC_WARN_UNUSED_VARIABLE = YES;
				IPHONEOS_DEPLOYMENT_TARGET = 11.0;
				MTL_ENABLE_DEBUG_INFO = NO;
				SDKROOT = iphoneos;
				SWIFT_OPTIMIZATION_LEVEL = "-Owholemodule";
				VALIDATE_PRODUCT = YES;
			};
			name = Release;
		};
		ECE723311F5402A6006560DF /* Debug */ = {
			isa = XCBuildConfiguration;
			buildSettings = {
				ASSETCATALOG_COMPILER_APPICON_NAME = AppIcon;
				CODE_SIGN_STYLE = Automatic;
				DEVELOPMENT_TEAM = 5TCKKM3Y4X;
				INFOPLIST_FILE = CustomFont/Info.plist;
				LD_RUNPATH_SEARCH_PATHS = "$(inherited) @executable_path/Frameworks";
				PRODUCT_BUNDLE_IDENTIFIER = linsyorozuya.CustomFont;
				PRODUCT_NAME = "$(TARGET_NAME)";
				SWIFT_VERSION = 4.0;
				TARGETED_DEVICE_FAMILY = "1,2";
			};
			name = Debug;
		};
		ECE723321F5402A6006560DF /* Release */ = {
			isa = XCBuildConfiguration;
			buildSettings = {
				ASSETCATALOG_COMPILER_APPICON_NAME = AppIcon;
				CODE_SIGN_STYLE = Automatic;
				DEVELOPMENT_TEAM = 5TCKKM3Y4X;
				INFOPLIST_FILE = CustomFont/Info.plist;
				LD_RUNPATH_SEARCH_PATHS = "$(inherited) @executable_path/Frameworks";
				PRODUCT_BUNDLE_IDENTIFIER = linsyorozuya.CustomFont;
				PRODUCT_NAME = "$(TARGET_NAME)";
				SWIFT_VERSION = 4.0;
				TARGETED_DEVICE_FAMILY = "1,2";
			};
			name = Release;
		};
		ECE723341F5402A6006560DF /* Debug */ = {
			isa = XCBuildConfiguration;
			buildSettings = {
				ALWAYS_EMBED_SWIFT_STANDARD_LIBRARIES = YES;
				BUNDLE_LOADER = "$(TEST_HOST)";
				CODE_SIGN_STYLE = Automatic;
				DEVELOPMENT_TEAM = 5TCKKM3Y4X;
				INFOPLIST_FILE = CustomFontTests/Info.plist;
				LD_RUNPATH_SEARCH_PATHS = "$(inherited) @executable_path/Frameworks @loader_path/Frameworks";
				PRODUCT_BUNDLE_IDENTIFIER = linsyorozuya.CustomFontTests;
				PRODUCT_NAME = "$(TARGET_NAME)";
				SWIFT_VERSION = 4.0;
				TARGETED_DEVICE_FAMILY = "1,2";
				TEST_HOST = "$(BUILT_PRODUCTS_DIR)/CustomFont.app/CustomFont";
			};
			name = Debug;
		};
		ECE723351F5402A6006560DF /* Release */ = {
			isa = XCBuildConfiguration;
			buildSettings = {
				ALWAYS_EMBED_SWIFT_STANDARD_LIBRARIES = YES;
				BUNDLE_LOADER = "$(TEST_HOST)";
				CODE_SIGN_STYLE = Automatic;
				DEVELOPMENT_TEAM = 5TCKKM3Y4X;
				INFOPLIST_FILE = CustomFontTests/Info.plist;
				LD_RUNPATH_SEARCH_PATHS = "$(inherited) @executable_path/Frameworks @loader_path/Frameworks";
				PRODUCT_BUNDLE_IDENTIFIER = linsyorozuya.CustomFontTests;
				PRODUCT_NAME = "$(TARGET_NAME)";
				SWIFT_VERSION = 4.0;
				TARGETED_DEVICE_FAMILY = "1,2";
				TEST_HOST = "$(BUILT_PRODUCTS_DIR)/CustomFont.app/CustomFont";
			};
			name = Release;
		};
		ECE723371F5402A6006560DF /* Debug */ = {
			isa = XCBuildConfiguration;
			buildSettings = {
				ALWAYS_EMBED_SWIFT_STANDARD_LIBRARIES = YES;
				CODE_SIGN_STYLE = Automatic;
				DEVELOPMENT_TEAM = 5TCKKM3Y4X;
				INFOPLIST_FILE = CustomFontUITests/Info.plist;
				LD_RUNPATH_SEARCH_PATHS = "$(inherited) @executable_path/Frameworks @loader_path/Frameworks";
				PRODUCT_BUNDLE_IDENTIFIER = linsyorozuya.CustomFontUITests;
				PRODUCT_NAME = "$(TARGET_NAME)";
				SWIFT_VERSION = 4.0;
				TARGETED_DEVICE_FAMILY = "1,2";
				TEST_TARGET_NAME = CustomFont;
			};
			name = Debug;
		};
		ECE723381F5402A6006560DF /* Release */ = {
			isa = XCBuildConfiguration;
			buildSettings = {
				ALWAYS_EMBED_SWIFT_STANDARD_LIBRARIES = YES;
				CODE_SIGN_STYLE = Automatic;
				DEVELOPMENT_TEAM = 5TCKKM3Y4X;
				INFOPLIST_FILE = CustomFontUITests/Info.plist;
				LD_RUNPATH_SEARCH_PATHS = "$(inherited) @executable_path/Frameworks @loader_path/Frameworks";
				PRODUCT_BUNDLE_IDENTIFIER = linsyorozuya.CustomFontUITests;
				PRODUCT_NAME = "$(TARGET_NAME)";
				SWIFT_VERSION = 4.0;
				TARGETED_DEVICE_FAMILY = "1,2";
				TEST_TARGET_NAME = CustomFont;
			};
			name = Release;
		};
/* End XCBuildConfiguration section */

/* Begin XCConfigurationList section */
		ECE723031F5402A6006560DF /* Build configuration list for PBXProject "CustomFont" */ = {
			isa = XCConfigurationList;
			buildConfigurations = (
				ECE7232E1F5402A6006560DF /* Debug */,
				ECE7232F1F5402A6006560DF /* Release */,
			);
			defaultConfigurationIsVisible = 0;
			defaultConfigurationName = Release;
		};
		ECE723301F5402A6006560DF /* Build configuration list for PBXNativeTarget "CustomFont" */ = {
			isa = XCConfigurationList;
			buildConfigurations = (
				ECE723311F5402A6006560DF /* Debug */,
				ECE723321F5402A6006560DF /* Release */,
			);
			defaultConfigurationIsVisible = 0;
			defaultConfigurationName = Release;
		};
		ECE723331F5402A6006560DF /* Build configuration list for PBXNativeTarget "CustomFontTests" */ = {
			isa = XCConfigurationList;
			buildConfigurations = (
				ECE723341F5402A6006560DF /* Debug */,
				ECE723351F5402A6006560DF /* Release */,
			);
			defaultConfigurationIsVisible = 0;
			defaultConfigurationName = Release;
		};
		ECE723361F5402A6006560DF /* Build configuration list for PBXNativeTarget "CustomFontUITests" */ = {
			isa = XCConfigurationList;
			buildConfigurations = (
				ECE723371F5402A6006560DF /* Debug */,
				ECE723381F5402A6006560DF /* Release */,
			);
			defaultConfigurationIsVisible = 0;
			defaultConfigurationName = Release;
		};
/* End XCConfigurationList section */
	};
	rootObject = ECE723001F5402A6006560DF /* Project object */;
}
