// !$*UTF8*$!
{
	archiveVersion = 1;
	classes = {
	};
	objectVersion = 48;
	objects = {

/* Begin PBXBuildFile section */
		ECC827D11F57F89200B483E3 /* AppDelegate.swift in Sources */ = {isa = PBXBuildFile; fileRef = ECC827D01F57F89200B483E3 /* AppDelegate.swift */; };
		ECC827D31F57F89200B483E3 /* ViewController.swift in Sources */ = {isa = PBXBuildFile; fileRef = ECC827D21F57F89200B483E3 /* ViewController.swift */; };
		ECC827D61F57F89200B483E3 /* Main.storyboard in Resources */ = {isa = PBXBuildFile; fileRef = ECC827D41F57F89200B483E3 /* Main.storyboard */; };
		ECC827DB1F57F89200B483E3 /* LaunchScreen.storyboard in Resources */ = {isa = PBXBuildFile; fileRef = ECC827D91F57F89200B483E3 /* LaunchScreen.storyboard */; };
		ECC827E61F57F89200B483E3 /* CollectionViewTests.swift in Sources */ = {isa = PBXBuildFile; fileRef = ECC827E51F57F89200B483E3 /* CollectionViewTests.swift */; };
		ECC827F11F57F89200B483E3 /* CollectionViewUITests.swift in Sources */ = {isa = PBXBuildFile; fileRef = ECC827F01F57F89200B483E3 /* CollectionViewUITests.swift */; };
		ECC828001F57FABB00B483E3 /* CollectionViewCell.swift in Sources */ = {isa = PBXBuildFile; fileRef = ECC827FF1F57FABB00B483E3 /* CollectionViewCell.swift */; };
		ECC828021F5802FE00B483E3 /* Interest.swift in Sources */ = {isa = PBXBuildFile; fileRef = ECC828011F5802FE00B483E3 /* Interest.swift */; };
		ECC828031F58097A00B483E3 /* Assets.xcassets in Resources */ = {isa = PBXBuildFile; fileRef = ECC827FE1F57F90200B483E3 /* Assets.xcassets */; };
/* End PBXBuildFile section */

/* Begin PBXContainerItemProxy section */
		ECC827E21F57F89200B483E3 /* PBXContainerItemProxy */ = {
			isa = PBXContainerItemProxy;
			containerPortal = ECC827C51F57F89100B483E3 /* Project object */;
			proxyType = 1;
			remoteGlobalIDString = ECC827CC1F57F89200B483E3;
			remoteInfo = CollectionView;
		};
		ECC827ED1F57F89200B483E3 /* PBXContainerItemProxy */ = {
			isa = PBXContainerItemProxy;
			containerPortal = ECC827C51F57F89100B483E3 /* Project object */;
			proxyType = 1;
			remoteGlobalIDString = ECC827CC1F57F89200B483E3;
			remoteInfo = CollectionView;
		};
/* End PBXContainerItemProxy section */

/* Begin PBXFileReference section */
		ECC827CD1F57F89200B483E3 /* CollectionView.app */ = {isa = PBXFileReference; explicitFileType = wrapper.application; includeInIndex = 0; path = CollectionView.app; sourceTree = BUILT_PRODUCTS_DIR; };
		ECC827D01F57F89200B483E3 /* AppDelegate.swift */ = {isa = PBXFileReference; lastKnownFileType = sourcecode.swift; path = AppDelegate.swift; sourceTree = "<group>"; };
		ECC827D21F57F89200B483E3 /* ViewController.swift */ = {isa = PBXFileReference; lastKnownFileType = sourcecode.swift; path = ViewController.swift; sourceTree = "<group>"; };
		ECC827D51F57F89200B483E3 /* Base */ = {isa = PBXFileReference; lastKnownFileType = file.storyboard; name = Base; path = Base.lproj/Main.storyboard; sourceTree = "<group>"; };
		ECC827DA1F57F89200B483E3 /* Base */ = {isa = PBXFileReference; lastKnownFileType = file.storyboard; name = Base; path = Base.lproj/LaunchScreen.storyboard; sourceTree = "<group>"; };
		ECC827DC1F57F89200B483E3 /* Info.plist */ = {isa = PBXFileReference; lastKnownFileType = text.plist.xml; path = Info.plist; sourceTree = "<group>"; };
		ECC827E11F57F89200B483E3 /* CollectionViewTests.xctest */ = {isa = PBXFileReference; explicitFileType = wrapper.cfbundle; includeInIndex = 0; path = CollectionViewTests.xctest; sourceTree = BUILT_PRODUCTS_DIR; };
		ECC827E51F57F89200B483E3 /* CollectionViewTests.swift */ = {isa = PBXFileReference; lastKnownFileType = sourcecode.swift; path = CollectionViewTests.swift; sourceTree = "<group>"; };
		ECC827E71F57F89200B483E3 /* Info.plist */ = {isa = PBXFileReference; lastKnownFileType = text.plist.xml; path = Info.plist; sourceTree = "<group>"; };
		ECC827EC1F57F89200B483E3 /* CollectionViewUITests.xctest */ = {isa = PBXFileReference; explicitFileType = wrapper.cfbundle; includeInIndex = 0; path = CollectionViewUITests.xctest; sourceTree = BUILT_PRODUCTS_DIR; };
		ECC827F01F57F89200B483E3 /* CollectionViewUITests.swift */ = {isa = PBXFileReference; lastKnownFileType = sourcecode.swift; path = CollectionViewUITests.swift; sourceTree = "<group>"; };
		ECC827F21F57F89200B483E3 /* Info.plist */ = {isa = PBXFileReference; lastKnownFileType = text.plist.xml; path = Info.plist; sourceTree = "<group>"; };
		ECC827FE1F57F90200B483E3 /* Assets.xcassets */ = {isa = PBXFileReference; lastKnownFileType = folder.assetcatalog; name = Assets.xcassets; path = "../../../../30DaysofSwift-master/Project 05 - CarouselEffect/Carousel Effect/Assets.xcassets"; sourceTree = "<group>"; };
		ECC827FF1F57FABB00B483E3 /* CollectionViewCell.swift */ = {isa = PBXFileReference; lastKnownFileType = sourcecode.swift; path = CollectionViewCell.swift; sourceTree = "<group>"; };
		ECC828011F5802FE00B483E3 /* Interest.swift */ = {isa = PBXFileReference; lastKnownFileType = sourcecode.swift; path = Interest.swift; sourceTree = "<group>"; };
/* End PBXFileReference section */

/* Begin PBXFrameworksBuildPhase section */
		ECC827CA1F57F89200B483E3 /* Frameworks */ = {
			isa = PBXFrameworksBuildPhase;
			buildActionMask = 2147483647;
			files = (
			);
			runOnlyForDeploymentPostprocessing = 0;
		};
		ECC827DE1F57F89200B483E3 /* Frameworks */ = {
			isa = PBXFrameworksBuildPhase;
			buildActionMask = 2147483647;
			files = (
			);
			runOnlyForDeploymentPostprocessing = 0;
		};
		ECC827E91F57F89200B483E3 /* Frameworks */ = {
			isa = PBXFrameworksBuildPhase;
			buildActionMask = 2147483647;
			files = (
			);
			runOnlyForDeploymentPostprocessing = 0;
		};
/* End PBXFrameworksBuildPhase section */

/* Begin PBXGroup section */
		ECC827C41F57F89100B483E3 = {
			isa = PBXGroup;
			children = (
				ECC827CF1F57F89200B483E3 /* CollectionView */,
				ECC827E41F57F89200B483E3 /* CollectionViewTests */,
				ECC827EF1F57F89200B483E3 /* CollectionViewUITests */,
				ECC827CE1F57F89200B483E3 /* Products */,
			);
			sourceTree = "<group>";
		};
		ECC827CE1F57F89200B483E3 /* Products */ = {
			isa = PBXGroup;
			children = (
				ECC827CD1F57F89200B483E3 /* CollectionView.app */,
				ECC827E11F57F89200B483E3 /* CollectionViewTests.xctest */,
				ECC827EC1F57F89200B483E3 /* CollectionViewUITests.xctest */,
			);
			name = Products;
			sourceTree = "<group>";
		};
		ECC827CF1F57F89200B483E3 /* CollectionView */ = {
			isa = PBXGroup;
			children = (
				ECC828011F5802FE00B483E3 /* Interest.swift */,
				ECC827D01F57F89200B483E3 /* AppDelegate.swift */,
				ECC827D21F57F89200B483E3 /* ViewController.swift */,
				ECC827FF1F57FABB00B483E3 /* CollectionViewCell.swift */,
				ECC827D41F57F89200B483E3 /* Main.storyboard */,
				ECC827FE1F57F90200B483E3 /* Assets.xcassets */,
				ECC827D91F57F89200B483E3 /* LaunchScreen.storyboard */,
				ECC827DC1F57F89200B483E3 /* Info.plist */,
			);
			path = CollectionView;
			sourceTree = "<group>";
		};
		ECC827E41F57F89200B483E3 /* CollectionViewTests */ = {
			isa = PBXGroup;
			children = (
				ECC827E51F57F89200B483E3 /* CollectionViewTests.swift */,
				ECC827E71F57F89200B483E3 /* Info.plist */,
			);
			path = CollectionViewTests;
			sourceTree = "<group>";
		};
		ECC827EF1F57F89200B483E3 /* CollectionViewUITests */ = {
			isa = PBXGroup;
			children = (
				ECC827F01F57F89200B483E3 /* CollectionViewUITests.swift */,
				ECC827F21F57F89200B483E3 /* Info.plist */,
			);
			path = CollectionViewUITests;
			sourceTree = "<group>";
		};
/* End PBXGroup section */

/* Begin PBXNativeTarget section */
		ECC827CC1F57F89200B483E3 /* CollectionView */ = {
			isa = PBXNativeTarget;
			buildConfigurationList = ECC827F51F57F89200B483E3 /* Build configuration list for PBXNativeTarget "CollectionView" */;
			buildPhases = (
				ECC827C91F57F89200B483E3 /* Sources */,
				ECC827CA1F57F89200B483E3 /* Frameworks */,
				ECC827CB1F57F89200B483E3 /* Resources */,
			);
			buildRules = (
			);
			dependencies = (
			);
			name = CollectionView;
			productName = CollectionView;
			productReference = ECC827CD1F57F89200B483E3 /* CollectionView.app */;
			productType = "com.apple.product-type.application";
		};
		ECC827E01F57F89200B483E3 /* CollectionViewTests */ = {
			isa = PBXNativeTarget;
			buildConfigurationList = ECC827F81F57F89200B483E3 /* Build configuration list for PBXNativeTarget "CollectionViewTests" */;
			buildPhases = (
				ECC827DD1F57F89200B483E3 /* Sources */,
				ECC827DE1F57F89200B483E3 /* Frameworks */,
				ECC827DF1F57F89200B483E3 /* Resources */,
			);
			buildRules = (
			);
			dependencies = (
				ECC827E31F57F89200B483E3 /* PBXTargetDependency */,
			);
			name = CollectionViewTests;
			productName = CollectionViewTests;
			productReference = ECC827E11F57F89200B483E3 /* CollectionViewTests.xctest */;
			productType = "com.apple.product-type.bundle.unit-test";
		};
		ECC827EB1F57F89200B483E3 /* CollectionViewUITests */ = {
			isa = PBXNativeTarget;
			buildConfigurationList = ECC827FB1F57F89200B483E3 /* Build configuration list for PBXNativeTarget "CollectionViewUITests" */;
			buildPhases = (
				ECC827E81F57F89200B483E3 /* Sources */,
				ECC827E91F57F89200B483E3 /* Frameworks */,
				ECC827EA1F57F89200B483E3 /* Resources */,
			);
			buildRules = (
			);
			dependencies = (
				ECC827EE1F57F89200B483E3 /* PBXTargetDependency */,
			);
			name = CollectionViewUITests;
			productName = CollectionViewUITests;
			productReference = ECC827EC1F57F89200B483E3 /* CollectionViewUITests.xctest */;
			productType = "com.apple.product-type.bundle.ui-testing";
		};
/* End PBXNativeTarget section */

/* Begin PBXProject section */
		ECC827C51F57F89100B483E3 /* Project object */ = {
			isa = PBXProject;
			attributes = {
				LastSwiftUpdateCheck = 0900;
				LastUpgradeCheck = 0900;
				ORGANIZATIONNAME = linsyorozuya;
				TargetAttributes = {
					ECC827CC1F57F89200B483E3 = {
						CreatedOnToolsVersion = 9.0;
						ProvisioningStyle = Automatic;
					};
					ECC827E01F57F89200B483E3 = {
						CreatedOnToolsVersion = 9.0;
						ProvisioningStyle = Automatic;
						TestTargetID = ECC827CC1F57F89200B483E3;
					};
					ECC827EB1F57F89200B483E3 = {
						CreatedOnToolsVersion = 9.0;
						ProvisioningStyle = Automatic;
						TestTargetID = ECC827CC1F57F89200B483E3;
					};
				};
			};
			buildConfigurationList = ECC827C81F57F89100B483E3 /* Build configuration list for PBXProject "CollectionView" */;
			compatibilityVersion = "Xcode 8.0";
			developmentRegion = en;
			hasScannedForEncodings = 0;
			knownRegions = (
				en,
				Base,
			);
			mainGroup = ECC827C41F57F89100B483E3;
			productRefGroup = ECC827CE1F57F89200B483E3 /* Products */;
			projectDirPath = "";
			projectRoot = "";
			targets = (
				ECC827CC1F57F89200B483E3 /* CollectionView */,
				ECC827E01F57F89200B483E3 /* CollectionViewTests */,
				ECC827EB1F57F89200B483E3 /* CollectionViewUITests */,
			);
		};
/* End PBXProject section */

/* Begin PBXResourcesBuildPhase section */
		ECC827CB1F57F89200B483E3 /* Resources */ = {
			isa = PBXResourcesBuildPhase;
			buildActionMask = 2147483647;
			files = (
				ECC827DB1F57F89200B483E3 /* LaunchScreen.storyboard in Resources */,
				ECC828031F58097A00B483E3 /* Assets.xcassets in Resources */,
				ECC827D61F57F89200B483E3 /* Main.storyboard in Resources */,
			);
			runOnlyForDeploymentPostprocessing = 0;
		};
		ECC827DF1F57F89200B483E3 /* Resources */ = {
			isa = PBXResourcesBuildPhase;
			buildActionMask = 2147483647;
			files = (
			);
			runOnlyForDeploymentPostprocessing = 0;
		};
		ECC827EA1F57F89200B483E3 /* Resources */ = {
			isa = PBXResourcesBuildPhase;
			buildActionMask = 2147483647;
			files = (
			);
			runOnlyForDeploymentPostprocessing = 0;
		};
/* End PBXResourcesBuildPhase section */

/* Begin PBXSourcesBuildPhase section */
		ECC827C91F57F89200B483E3 /* Sources */ = {
			isa = PBXSourcesBuildPhase;
			buildActionMask = 2147483647;
			files = (
				ECC827D31F57F89200B483E3 /* ViewController.swift in Sources */,
				ECC827D11F57F89200B483E3 /* AppDelegate.swift in Sources */,
				ECC828001F57FABB00B483E3 /* CollectionViewCell.swift in Sources */,
				ECC828021F5802FE00B483E3 /* Interest.swift in Sources */,
			);
			runOnlyForDeploymentPostprocessing = 0;
		};
		ECC827DD1F57F89200B483E3 /* Sources */ = {
			isa = PBXSourcesBuildPhase;
			buildActionMask = 2147483647;
			files = (
				ECC827E61F57F89200B483E3 /* CollectionViewTests.swift in Sources */,
			);
			runOnlyForDeploymentPostprocessing = 0;
		};
		ECC827E81F57F89200B483E3 /* Sources */ = {
			isa = PBXSourcesBuildPhase;
			buildActionMask = 2147483647;
			files = (
				ECC827F11F57F89200B483E3 /* CollectionViewUITests.swift in Sources */,
			);
			runOnlyForDeploymentPostprocessing = 0;
		};
/* End PBXSourcesBuildPhase section */

/* Begin PBXTargetDependency section */
		ECC827E31F57F89200B483E3 /* PBXTargetDependency */ = {
			isa = PBXTargetDependency;
			target = ECC827CC1F57F89200B483E3 /* CollectionView */;
			targetProxy = ECC827E21F57F89200B483E3 /* PBXContainerItemProxy */;
		};
		ECC827EE1F57F89200B483E3 /* PBXTargetDependency */ = {
			isa = PBXTargetDependency;
			target = ECC827CC1F57F89200B483E3 /* CollectionView */;
			targetProxy = ECC827ED1F57F89200B483E3 /* PBXContainerItemProxy */;
		};
/* End PBXTargetDependency section */

/* Begin PBXVariantGroup section */
		ECC827D41F57F89200B483E3 /* Main.storyboard */ = {
			isa = PBXVariantGroup;
			children = (
				ECC827D51F57F89200B483E3 /* Base */,
			);
			name = Main.storyboard;
			sourceTree = "<group>";
		};
		ECC827D91F57F89200B483E3 /* LaunchScreen.storyboard */ = {
			isa = PBXVariantGroup;
			children = (
				ECC827DA1F57F89200B483E3 /* Base */,
			);
			name = LaunchScreen.storyboard;
			sourceTree = "<group>";
		};
/* End PBXVariantGroup section */

/* Begin XCBuildConfiguration section */
		ECC827F31F57F89200B483E3 /* Debug */ = {
			isa = XCBuildConfiguration;
			buildSettings = {
				ALWAYS_SEARCH_USER_PATHS = NO;
				CLANG_ANALYZER_NONNULL = YES;
				CLANG_ANALYZER_NUMBER_OBJECT_CONVERSION = YES_AGGRESSIVE;
				CLANG_CXX_LANGUAGE_STANDARD = "gnu++14";
				CLANG_CXX_LIBRARY = "libc++";
				CLANG_ENABLE_MODULES = YES;
				CLANG_ENABLE_OBJC_ARC = YES;
				CLANG_WARN_BLOCK_CAPTURE_AUTORELEASING = YES;
				CLANG_WARN_BOOL_CONVERSION = YES;
				CLANG_WARN_COMMA = YES;
				CLANG_WARN_CONSTANT_CONVERSION = YES;
				CLANG_WARN_DIRECT_OBJC_ISA_USAGE = YES_ERROR;
				CLANG_WARN_DOCUMENTATION_COMMENTS = YES;
				CLANG_WARN_EMPTY_BODY = YES;
				CLANG_WARN_ENUM_CONVERSION = YES;
				CLANG_WARN_INFINITE_RECURSION = YES;
				CLANG_WARN_INT_CONVERSION = YES;
				CLANG_WARN_NON_LITERAL_NULL_CONVERSION = YES;
				CLANG_WARN_OBJC_LITERAL_CONVERSION = YES;
				CLANG_WARN_OBJC_ROOT_CLASS = YES_ERROR;
				CLANG_WARN_RANGE_LOOP_ANALYSIS = YES;
				CLANG_WARN_STRICT_PROTOTYPES = YES;
				CLANG_WARN_SUSPICIOUS_MOVE = YES;
				CLANG_WARN_UNGUARDED_AVAILABILITY = YES_AGGRESSIVE;
				CLANG_WARN_UNREACHABLE_CODE = YES;
				CLANG_WARN__DUPLICATE_METHOD_MATCH = YES;
				CODE_SIGN_IDENTITY = "iPhone Developer";
				COPY_PHASE_STRIP = NO;
				DEBUG_INFORMATION_FORMAT = dwarf;
				ENABLE_STRICT_OBJC_MSGSEND = YES;
				ENABLE_TESTABILITY = YES;
				GCC_C_LANGUAGE_STANDARD = gnu11;
				GCC_DYNAMIC_NO_PIC = NO;
				GCC_NO_COMMON_BLOCKS = YES;
				GCC_OPTIMIZATION_LEVEL = 0;
				GCC_PREPROCESSOR_DEFINITIONS = (
					"DEBUG=1",
					"$(inherited)",
				);
				GCC_WARN_64_TO_32_BIT_CONVERSION = YES;
				GCC_WARN_ABOUT_RETURN_TYPE = YES_ERROR;
				GCC_WARN_UNDECLARED_SELECTOR = YES;
				GCC_WARN_UNINITIALIZED_AUTOS = YES_AGGRESSIVE;
				GCC_WARN_UNUSED_FUNCTION = YES;
				GCC_WARN_UNUSED_VARIABLE = YES;
				IPHONEOS_DEPLOYMENT_TARGET = 11.0;
				MTL_ENABLE_DEBUG_INFO = YES;
				ONLY_ACTIVE_ARCH = YES;
				SDKROOT = iphoneos;
				SWIFT_ACTIVE_COMPILATION_CONDITIONS = DEBUG;
				SWIFT_OPTIMIZATION_LEVEL = "-Onone";
			};
			name = Debug;
		};
		ECC827F41F57F89200B483E3 /* Release */ = {
			isa = XCBuildConfiguration;
			buildSettings = {
				ALWAYS_SEARCH_USER_PATHS = NO;
				CLANG_ANALYZER_NONNULL = YES;
				CLANG_ANALYZER_NUMBER_OBJECT_CONVERSION = YES_AGGRESSIVE;
				CLANG_CXX_LANGUAGE_STANDARD = "gnu++14";
				CLANG_CXX_LIBRARY = "libc++";
				CLANG_ENABLE_MODULES = YES;
				CLANG_ENABLE_OBJC_ARC = YES;
				CLANG_WARN_BLOCK_CAPTURE_AUTORELEASING = YES;
				CLANG_WARN_BOOL_CONVERSION = YES;
				CLANG_WARN_COMMA = YES;
				CLANG_WARN_CONSTANT_CONVERSION = YES;
				CLANG_WARN_DIRECT_OBJC_ISA_USAGE = YES_ERROR;
				CLANG_WARN_DOCUMENTATION_COMMENTS = YES;
				CLANG_WARN_EMPTY_BODY = YES;
				CLANG_WARN_ENUM_CONVERSION = YES;
				CLANG_WARN_INFINITE_RECURSION = YES;
				CLANG_WARN_INT_CONVERSION = YES;
				CLANG_WARN_NON_LITERAL_NULL_CONVERSION = YES;
				CLANG_WARN_OBJC_LITERAL_CONVERSION = YES;
				CLANG_WARN_OBJC_ROOT_CLASS = YES_ERROR;
				CLANG_WARN_RANGE_LOOP_ANALYSIS = YES;
				CLANG_WARN_STRICT_PROTOTYPES = YES;
				CLANG_WARN_SUSPICIOUS_MOVE = YES;
				CLANG_WARN_UNGUARDED_AVAILABILITY = YES_AGGRESSIVE;
				CLANG_WARN_UNREACHABLE_CODE = YES;
				CLANG_WARN__DUPLICATE_METHOD_MATCH = YES;
				CODE_SIGN_IDENTITY = "iPhone Developer";
				COPY_PHASE_STRIP = NO;
				DEBUG_INFORMATION_FORMAT = "dwarf-with-dsym";
				ENABLE_NS_ASSERTIONS = NO;
				ENABLE_STRICT_OBJC_MSGSEND = YES;
				GCC_C_LANGUAGE_STANDARD = gnu11;
				GCC_NO_COMMON_BLOCKS = YES;
				GCC_WARN_64_TO_32_BIT_CONVERSION = YES;
				GCC_WARN_ABOUT_RETURN_TYPE = YES_ERROR;
				GCC_WARN_UNDECLARED_SELECTOR = YES;
				GCC_WARN_UNINITIALIZED_AUTOS = YES_AGGRESSIVE;
				GCC_WARN_UNUSED_FUNCTION = YES;
				GCC_WARN_UNUSED_VARIABLE = YES;
				IPHONEOS_DEPLOYMENT_TARGET = 11.0;
				MTL_ENABLE_DEBUG_INFO = NO;
				SDKROOT = iphoneos;
				SWIFT_OPTIMIZATION_LEVEL = "-Owholemodule";
				VALIDATE_PRODUCT = YES;
			};
			name = Release;
		};
		ECC827F61F57F89200B483E3 /* Debug */ = {
			isa = XCBuildConfiguration;
			buildSettings = {
				ASSETCATALOG_COMPILER_APPICON_NAME = AppIcon;
				CODE_SIGN_STYLE = Automatic;
				DEVELOPMENT_TEAM = 5TCKKM3Y4X;
				INFOPLIST_FILE = CollectionView/Info.plist;
				LD_RUNPATH_SEARCH_PATHS = "$(inherited) @executable_path/Frameworks";
				PRODUCT_BUNDLE_IDENTIFIER = linsyorozuya.CollectionView;
				PRODUCT_NAME = "$(TARGET_NAME)";
				SWIFT_VERSION = 4.0;
				TARGETED_DEVICE_FAMILY = "1,2";
			};
			name = Debug;
		};
		ECC827F71F57F89200B483E3 /* Release */ = {
			isa = XCBuildConfiguration;
			buildSettings = {
				ASSETCATALOG_COMPILER_APPICON_NAME = AppIcon;
				CODE_SIGN_STYLE = Automatic;
				DEVELOPMENT_TEAM = 5TCKKM3Y4X;
				INFOPLIST_FILE = CollectionView/Info.plist;
				LD_RUNPATH_SEARCH_PATHS = "$(inherited) @executable_path/Frameworks";
				PRODUCT_BUNDLE_IDENTIFIER = linsyorozuya.CollectionView;
				PRODUCT_NAME = "$(TARGET_NAME)";
				SWIFT_VERSION = 4.0;
				TARGETED_DEVICE_FAMILY = "1,2";
			};
			name = Release;
		};
		ECC827F91F57F89200B483E3 /* Debug */ = {
			isa = XCBuildConfiguration;
			buildSettings = {
				ALWAYS_EMBED_SWIFT_STANDARD_LIBRARIES = YES;
				BUNDLE_LOADER = "$(TEST_HOST)";
				CODE_SIGN_STYLE = Automatic;
				DEVELOPMENT_TEAM = 5TCKKM3Y4X;
				INFOPLIST_FILE = CollectionViewTests/Info.plist;
				LD_RUNPATH_SEARCH_PATHS = "$(inherited) @executable_path/Frameworks @loader_path/Frameworks";
				PRODUCT_BUNDLE_IDENTIFIER = linsyorozuya.CollectionViewTests;
				PRODUCT_NAME = "$(TARGET_NAME)";
				SWIFT_VERSION = 4.0;
				TARGETED_DEVICE_FAMILY = "1,2";
				TEST_HOST = "$(BUILT_PRODUCTS_DIR)/CollectionView.app/CollectionView";
			};
			name = Debug;
		};
		ECC827FA1F57F89200B483E3 /* Release */ = {
			isa = XCBuildConfiguration;
			buildSettings = {
				ALWAYS_EMBED_SWIFT_STANDARD_LIBRARIES = YES;
				BUNDLE_LOADER = "$(TEST_HOST)";
				CODE_SIGN_STYLE = Automatic;
				DEVELOPMENT_TEAM = 5TCKKM3Y4X;
				INFOPLIST_FILE = CollectionViewTests/Info.plist;
				LD_RUNPATH_SEARCH_PATHS = "$(inherited) @executable_path/Frameworks @loader_path/Frameworks";
				PRODUCT_BUNDLE_IDENTIFIER = linsyorozuya.CollectionViewTests;
				PRODUCT_NAME = "$(TARGET_NAME)";
				SWIFT_VERSION = 4.0;
				TARGETED_DEVICE_FAMILY = "1,2";
				TEST_HOST = "$(BUILT_PRODUCTS_DIR)/CollectionView.app/CollectionView";
			};
			name = Release;
		};
		ECC827FC1F57F89200B483E3 /* Debug */ = {
			isa = XCBuildConfiguration;
			buildSettings = {
				ALWAYS_EMBED_SWIFT_STANDARD_LIBRARIES = YES;
				CODE_SIGN_STYLE = Automatic;
				DEVELOPMENT_TEAM = 5TCKKM3Y4X;
				INFOPLIST_FILE = CollectionViewUITests/Info.plist;
				LD_RUNPATH_SEARCH_PATHS = "$(inherited) @executable_path/Frameworks @loader_path/Frameworks";
				PRODUCT_BUNDLE_IDENTIFIER = linsyorozuya.CollectionViewUITests;
				PRODUCT_NAME = "$(TARGET_NAME)";
				SWIFT_VERSION = 4.0;
				TARGETED_DEVICE_FAMILY = "1,2";
				TEST_TARGET_NAME = CollectionView;
			};
			name = Debug;
		};
		ECC827FD1F57F89200B483E3 /* Release */ = {
			isa = XCBuildConfiguration;
			buildSettings = {
				ALWAYS_EMBED_SWIFT_STANDARD_LIBRARIES = YES;
				CODE_SIGN_STYLE = Automatic;
				DEVELOPMENT_TEAM = 5TCKKM3Y4X;
				INFOPLIST_FILE = CollectionViewUITests/Info.plist;
				LD_RUNPATH_SEARCH_PATHS = "$(inherited) @executable_path/Frameworks @loader_path/Frameworks";
				PRODUCT_BUNDLE_IDENTIFIER = linsyorozuya.CollectionViewUITests;
				PRODUCT_NAME = "$(TARGET_NAME)";
				SWIFT_VERSION = 4.0;
				TARGETED_DEVICE_FAMILY = "1,2";
				TEST_TARGET_NAME = CollectionView;
			};
			name = Release;
		};
/* End XCBuildConfiguration section */

/* Begin XCConfigurationList section */
		ECC827C81F57F89100B483E3 /* Build configuration list for PBXProject "CollectionView" */ = {
			isa = XCConfigurationList;
			buildConfigurations = (
				ECC827F31F57F89200B483E3 /* Debug */,
				ECC827F41F57F89200B483E3 /* Release */,
			);
			defaultConfigurationIsVisible = 0;
			defaultConfigurationName = Release;
		};
		ECC827F51F57F89200B483E3 /* Build configuration list for PBXNativeTarget "CollectionView" */ = {
			isa = XCConfigurationList;
			buildConfigurations = (
				ECC827F61F57F89200B483E3 /* Debug */,
				ECC827F71F57F89200B483E3 /* Release */,
			);
			defaultConfigurationIsVisible = 0;
			defaultConfigurationName = Release;
		};
		ECC827F81F57F89200B483E3 /* Build configuration list for PBXNativeTarget "CollectionViewTests" */ = {
			isa = XCConfigurationList;
			buildConfigurations = (
				ECC827F91F57F89200B483E3 /* Debug */,
				ECC827FA1F57F89200B483E3 /* Release */,
			);
			defaultConfigurationIsVisible = 0;
			defaultConfigurationName = Release;
		};
		ECC827FB1F57F89200B483E3 /* Build configuration list for PBXNativeTarget "CollectionViewUITests" */ = {
			isa = XCConfigurationList;
			buildConfigurations = (
				ECC827FC1F57F89200B483E3 /* Debug */,
				ECC827FD1F57F89200B483E3 /* Release */,
			);
			defaultConfigurationIsVisible = 0;
			defaultConfigurationName = Release;
		};
/* End XCConfigurationList section */
	};
	rootObject = ECC827C51F57F89100B483E3 /* Project object */;
}
